// !$*UTF8*$!
{
	archiveVersion = 1;
	classes = {
	};
	objectVersion = 56;
	objects = {

/* Begin PBXBuildFile section */
		16A355DA2CB7EA3F00E97AB5 /* Utilities.swift in Sources */ = {isa = PBXBuildFile; fileRef = 16A355D92CB7EA3F00E97AB5 /* Utilities.swift */; };
		16A355DC2CB7EAC600E97AB5 /* ForgotPassword.swift in Sources */ = {isa = PBXBuildFile; fileRef = 16A355DB2CB7EAC600E97AB5 /* ForgotPassword.swift */; };
		16A355DE2CB7EAEB00E97AB5 /* PasswordResetView.swift in Sources */ = {isa = PBXBuildFile; fileRef = 16A355DD2CB7EAEB00E97AB5 /* PasswordResetView.swift */; };
		16A355E12CB9156000E97AB5 /* ProfileView.swift in Sources */ = {isa = PBXBuildFile; fileRef = 16A355E02CB9156000E97AB5 /* ProfileView.swift */; };
		16A355E32CB9157F00E97AB5 /* ProfileViewModel.swift in Sources */ = {isa = PBXBuildFile; fileRef = 16A355E22CB9157F00E97AB5 /* ProfileViewModel.swift */; };
		16A355E52CB9159500E97AB5 /* SettingsView.swift in Sources */ = {isa = PBXBuildFile; fileRef = 16A355E42CB9159500E97AB5 /* SettingsView.swift */; };
		16A355E72CB915AE00E97AB5 /* SettingsViewModel.swift in Sources */ = {isa = PBXBuildFile; fileRef = 16A355E62CB915AE00E97AB5 /* SettingsViewModel.swift */; };
		16A355E92CB916AB00E97AB5 /* StorageManager.swift in Sources */ = {isa = PBXBuildFile; fileRef = 16A355E82CB916AB00E97AB5 /* StorageManager.swift */; };
		16A355EB2CB91E0A00E97AB5 /* FirebaseAppCheck in Frameworks */ = {isa = PBXBuildFile; productRef = 16A355EA2CB91E0A00E97AB5 /* FirebaseAppCheck */; };
		16A964892CFA7037009B6C19 /* HomeView.swift in Sources */ = {isa = PBXBuildFile; fileRef = 16A964882CFA7037009B6C19 /* HomeView.swift */; };
		16A9648B2CFA709B009B6C19 /* HomeViewModel.swift in Sources */ = {isa = PBXBuildFile; fileRef = 16A9648A2CFA709B009B6C19 /* HomeViewModel.swift */; };
		16A9648D2CFA7644009B6C19 /* DBUser.swift in Sources */ = {isa = PBXBuildFile; fileRef = 16A9648C2CFA7644009B6C19 /* DBUser.swift */; };
		16A9648F2CFA766C009B6C19 /* Prediction.swift in Sources */ = {isa = PBXBuildFile; fileRef = 16A9648E2CFA766C009B6C19 /* Prediction.swift */; };
		16A964912CFA768F009B6C19 /* Appointment.swift in Sources */ = {isa = PBXBuildFile; fileRef = 16A964902CFA768F009B6C19 /* Appointment.swift */; };
		16B8E7F42CD8FBAF00B72C4E /* ClinicSearchView.swift in Sources */ = {isa = PBXBuildFile; fileRef = 16B8E7F32CD8FBAF00B72C4E /* ClinicSearchView.swift */; };
		16B8E7F62CD92EBC00B72C4E /* TabbarView.swift in Sources */ = {isa = PBXBuildFile; fileRef = 16B8E7F52CD92EBC00B72C4E /* TabbarView.swift */; };
		16B8E7F82CDA230100B72C4E /* ClinicView.swift in Sources */ = {isa = PBXBuildFile; fileRef = 16B8E7F72CDA230100B72C4E /* ClinicView.swift */; };
		16B8E7FA2CDA23CA00B72C4E /* ClinicViewModel.swift in Sources */ = {isa = PBXBuildFile; fileRef = 16B8E7F92CDA23CA00B72C4E /* ClinicViewModel.swift */; };
		16B8E7FC2CDA24BE00B72C4E /* Clinic.swift in Sources */ = {isa = PBXBuildFile; fileRef = 16B8E7FB2CDA24BE00B72C4E /* Clinic.swift */; };
		16B8E7FE2CDA27A300B72C4E /* LocationManager.swift in Sources */ = {isa = PBXBuildFile; fileRef = 16B8E7FD2CDA27A300B72C4E /* LocationManager.swift */; };
		16BEBC3B2C8A067900CB9170 /* AIDentalApp.swift in Sources */ = {isa = PBXBuildFile; fileRef = 16BEBC3A2C8A067900CB9170 /* AIDentalApp.swift */; };
		16BEBC3D2C8A067900CB9170 /* ContentView.swift in Sources */ = {isa = PBXBuildFile; fileRef = 16BEBC3C2C8A067900CB9170 /* ContentView.swift */; };
		16BEBC3F2C8A067C00CB9170 /* Assets.xcassets in Resources */ = {isa = PBXBuildFile; fileRef = 16BEBC3E2C8A067C00CB9170 /* Assets.xcassets */; };
		16BEBC422C8A067C00CB9170 /* Preview Assets.xcassets in Resources */ = {isa = PBXBuildFile; fileRef = 16BEBC412C8A067C00CB9170 /* Preview Assets.xcassets */; };
		16C40E292CBE363000998195 /* ScannerView.swift in Sources */ = {isa = PBXBuildFile; fileRef = 16C40E282CBE363000998195 /* ScannerView.swift */; };
		16C40E2B2CBE364E00998195 /* ScannerViewModel.swift in Sources */ = {isa = PBXBuildFile; fileRef = 16C40E2A2CBE364E00998195 /* ScannerViewModel.swift */; };
		16C40E2D2CBE367A00998195 /* VideoOutputDelegate.swift in Sources */ = {isa = PBXBuildFile; fileRef = 16C40E2C2CBE367A00998195 /* VideoOutputDelegate.swift */; };
		16C40E2F2CBE369800998195 /* ImagePicker.swift in Sources */ = {isa = PBXBuildFile; fileRef = 16C40E2E2CBE369800998195 /* ImagePicker.swift */; };
		16C40E312CBE36EB00998195 /* CameraView.swift in Sources */ = {isa = PBXBuildFile; fileRef = 16C40E302CBE36EB00998195 /* CameraView.swift */; };
		16C40E332CBE376600998195 /* ResultView.swift in Sources */ = {isa = PBXBuildFile; fileRef = 16C40E322CBE376600998195 /* ResultView.swift */; };
		16CFCD892CFA5AD800AF778D /* OnBoardingView.swift in Sources */ = {isa = PBXBuildFile; fileRef = 16CFCD882CFA5AD800AF778D /* OnBoardingView.swift */; };
		16CFCD8B2CFA5B0700AF778D /* OnBoardingPage.swift in Sources */ = {isa = PBXBuildFile; fileRef = 16CFCD8A2CFA5B0700AF778D /* OnBoardingPage.swift */; };
		16F5AABD2CB7E2A500255DFC /* GoogleSignIn in Frameworks */ = {isa = PBXBuildFile; productRef = 16F5AABC2CB7E2A500255DFC /* GoogleSignIn */; };
		16F5AABF2CB7E2A500255DFC /* GoogleSignInSwift in Frameworks */ = {isa = PBXBuildFile; productRef = 16F5AABE2CB7E2A500255DFC /* GoogleSignInSwift */; };
		16F5AAC12CB7E32400255DFC /* FirebaseAnalytics in Frameworks */ = {isa = PBXBuildFile; productRef = 16F5AAC02CB7E32400255DFC /* FirebaseAnalytics */; };
		16F5AAC32CB7E32400255DFC /* FirebaseAnalyticsOnDeviceConversion in Frameworks */ = {isa = PBXBuildFile; productRef = 16F5AAC22CB7E32400255DFC /* FirebaseAnalyticsOnDeviceConversion */; };
		16F5AAC52CB7E32400255DFC /* FirebaseAnalyticsWithoutAdIdSupport in Frameworks */ = {isa = PBXBuildFile; productRef = 16F5AAC42CB7E32400255DFC /* FirebaseAnalyticsWithoutAdIdSupport */; };
		16F5AAC72CB7E32400255DFC /* FirebaseAppCheck in Frameworks */ = {isa = PBXBuildFile; productRef = 16F5AAC62CB7E32400255DFC /* FirebaseAppCheck */; };
		16F5AAC92CB7E32400255DFC /* FirebaseAppDistribution-Beta in Frameworks */ = {isa = PBXBuildFile; productRef = 16F5AAC82CB7E32400255DFC /* FirebaseAppDistribution-Beta */; };
		16F5AACB2CB7E32400255DFC /* FirebaseAuth in Frameworks */ = {isa = PBXBuildFile; productRef = 16F5AACA2CB7E32400255DFC /* FirebaseAuth */; };
		16F5AACD2CB7E32400255DFC /* FirebaseAuthCombine-Community in Frameworks */ = {isa = PBXBuildFile; productRef = 16F5AACC2CB7E32400255DFC /* FirebaseAuthCombine-Community */; };
		16F5AACF2CB7E32400255DFC /* FirebaseCore in Frameworks */ = {isa = PBXBuildFile; productRef = 16F5AACE2CB7E32400255DFC /* FirebaseCore */; };
		16F5AAD12CB7E32400255DFC /* FirebaseCrashlytics in Frameworks */ = {isa = PBXBuildFile; productRef = 16F5AAD02CB7E32400255DFC /* FirebaseCrashlytics */; };
		16F5AAD32CB7E32400255DFC /* FirebaseDatabase in Frameworks */ = {isa = PBXBuildFile; productRef = 16F5AAD22CB7E32400255DFC /* FirebaseDatabase */; };
		16F5AAD52CB7E32400255DFC /* FirebaseDynamicLinks in Frameworks */ = {isa = PBXBuildFile; productRef = 16F5AAD42CB7E32400255DFC /* FirebaseDynamicLinks */; };
		16F5AAD72CB7E32400255DFC /* FirebaseFirestore in Frameworks */ = {isa = PBXBuildFile; productRef = 16F5AAD62CB7E32400255DFC /* FirebaseFirestore */; };
		16F5AAD92CB7E32400255DFC /* FirebaseFirestoreCombine-Community in Frameworks */ = {isa = PBXBuildFile; productRef = 16F5AAD82CB7E32400255DFC /* FirebaseFirestoreCombine-Community */; };
		16F5AADB2CB7E32400255DFC /* FirebaseFunctions in Frameworks */ = {isa = PBXBuildFile; productRef = 16F5AADA2CB7E32400255DFC /* FirebaseFunctions */; };
		16F5AADD2CB7E32400255DFC /* FirebaseFunctionsCombine-Community in Frameworks */ = {isa = PBXBuildFile; productRef = 16F5AADC2CB7E32400255DFC /* FirebaseFunctionsCombine-Community */; };
		16F5AADF2CB7E32400255DFC /* FirebaseInAppMessaging-Beta in Frameworks */ = {isa = PBXBuildFile; productRef = 16F5AADE2CB7E32400255DFC /* FirebaseInAppMessaging-Beta */; };
		16F5AAE12CB7E32400255DFC /* FirebaseInstallations in Frameworks */ = {isa = PBXBuildFile; productRef = 16F5AAE02CB7E32400255DFC /* FirebaseInstallations */; };
		16F5AAE32CB7E32400255DFC /* FirebaseMLModelDownloader in Frameworks */ = {isa = PBXBuildFile; productRef = 16F5AAE22CB7E32400255DFC /* FirebaseMLModelDownloader */; };
		16F5AAE52CB7E32400255DFC /* FirebaseMessaging in Frameworks */ = {isa = PBXBuildFile; productRef = 16F5AAE42CB7E32400255DFC /* FirebaseMessaging */; };
		16F5AAE72CB7E32400255DFC /* FirebasePerformance in Frameworks */ = {isa = PBXBuildFile; productRef = 16F5AAE62CB7E32400255DFC /* FirebasePerformance */; };
		16F5AAE92CB7E32400255DFC /* FirebaseRemoteConfig in Frameworks */ = {isa = PBXBuildFile; productRef = 16F5AAE82CB7E32400255DFC /* FirebaseRemoteConfig */; };
		16F5AAEB2CB7E32400255DFC /* FirebaseStorage in Frameworks */ = {isa = PBXBuildFile; productRef = 16F5AAEA2CB7E32400255DFC /* FirebaseStorage */; };
		16F5AAED2CB7E32400255DFC /* FirebaseStorageCombine-Community in Frameworks */ = {isa = PBXBuildFile; productRef = 16F5AAEC2CB7E32400255DFC /* FirebaseStorageCombine-Community */; };
		16F5AAEF2CB7E32400255DFC /* FirebaseVertexAI-Preview in Frameworks */ = {isa = PBXBuildFile; productRef = 16F5AAEE2CB7E32400255DFC /* FirebaseVertexAI-Preview */; };
		16F5AAF12CB7E37C00255DFC /* View+Extensions.swift in Sources */ = {isa = PBXBuildFile; fileRef = 16F5AAF02CB7E37C00255DFC /* View+Extensions.swift */; };
		16F5AAF32CB7E3B300255DFC /* AuthenticationViewModel.swift in Sources */ = {isa = PBXBuildFile; fileRef = 16F5AAF22CB7E3B300255DFC /* AuthenticationViewModel.swift */; };
		16F5AAF52CB7E3DA00255DFC /* CustomTF.swift in Sources */ = {isa = PBXBuildFile; fileRef = 16F5AAF42CB7E3DA00255DFC /* CustomTF.swift */; };
		16F5AAF72CB7E3F200255DFC /* GradientButton.swift in Sources */ = {isa = PBXBuildFile; fileRef = 16F5AAF62CB7E3F200255DFC /* GradientButton.swift */; };
		16F5AAF92CB7E40F00255DFC /* SignUp.swift in Sources */ = {isa = PBXBuildFile; fileRef = 16F5AAF82CB7E40F00255DFC /* SignUp.swift */; };
		16F5AAFB2CB7E43100255DFC /* Login.swift in Sources */ = {isa = PBXBuildFile; fileRef = 16F5AAFA2CB7E43100255DFC /* Login.swift */; };
		16F5AAFD2CB7E44400255DFC /* SignInEmailViewModel.swift in Sources */ = {isa = PBXBuildFile; fileRef = 16F5AAFC2CB7E44400255DFC /* SignInEmailViewModel.swift */; };
		16F5AAFF2CB7E62900255DFC /* GoogleService-Info.plist in Resources */ = {isa = PBXBuildFile; fileRef = 16F5AAFE2CB7E62900255DFC /* GoogleService-Info.plist */; };
		16F5AB022CB7E6E500255DFC /* SignInGoogleHelper.swift in Sources */ = {isa = PBXBuildFile; fileRef = 16F5AB012CB7E6E500255DFC /* SignInGoogleHelper.swift */; };
		16F5AB042CB7E6FB00255DFC /* SignInAppleHelper.swift in Sources */ = {isa = PBXBuildFile; fileRef = 16F5AB032CB7E6FB00255DFC /* SignInAppleHelper.swift */; };
		16F5AB062CB7E74500255DFC /* AuthenticationManager.swift in Sources */ = {isa = PBXBuildFile; fileRef = 16F5AB052CB7E74500255DFC /* AuthenticationManager.swift */; };
		16F5AB082CB7E76C00255DFC /* UserManager.swift in Sources */ = {isa = PBXBuildFile; fileRef = 16F5AB072CB7E76C00255DFC /* UserManager.swift */; };
		16F5AB0A2CB7E7E000255DFC /* FirebaseFirestore in Frameworks */ = {isa = PBXBuildFile; productRef = 16F5AB092CB7E7E000255DFC /* FirebaseFirestore */; };
		16F5AB0C2CB7E7E000255DFC /* FirebaseFirestoreCombine-Community in Frameworks */ = {isa = PBXBuildFile; productRef = 16F5AB0B2CB7E7E000255DFC /* FirebaseFirestoreCombine-Community */; };
/* End PBXBuildFile section */

/* Begin PBXFileReference section */
		16A355D92CB7EA3F00E97AB5 /* Utilities.swift */ = {isa = PBXFileReference; lastKnownFileType = sourcecode.swift; path = Utilities.swift; sourceTree = "<group>"; };
		16A355DB2CB7EAC600E97AB5 /* ForgotPassword.swift */ = {isa = PBXFileReference; lastKnownFileType = sourcecode.swift; path = ForgotPassword.swift; sourceTree = "<group>"; };
		16A355DD2CB7EAEB00E97AB5 /* PasswordResetView.swift */ = {isa = PBXFileReference; lastKnownFileType = sourcecode.swift; path = PasswordResetView.swift; sourceTree = "<group>"; };
		16A355E02CB9156000E97AB5 /* ProfileView.swift */ = {isa = PBXFileReference; lastKnownFileType = sourcecode.swift; path = ProfileView.swift; sourceTree = "<group>"; };
		16A355E22CB9157F00E97AB5 /* ProfileViewModel.swift */ = {isa = PBXFileReference; lastKnownFileType = sourcecode.swift; path = ProfileViewModel.swift; sourceTree = "<group>"; };
		16A355E42CB9159500E97AB5 /* SettingsView.swift */ = {isa = PBXFileReference; lastKnownFileType = sourcecode.swift; path = SettingsView.swift; sourceTree = "<group>"; };
		16A355E62CB915AE00E97AB5 /* SettingsViewModel.swift */ = {isa = PBXFileReference; lastKnownFileType = sourcecode.swift; path = SettingsViewModel.swift; sourceTree = "<group>"; };
		16A355E82CB916AB00E97AB5 /* StorageManager.swift */ = {isa = PBXFileReference; lastKnownFileType = sourcecode.swift; path = StorageManager.swift; sourceTree = "<group>"; };
		16A964882CFA7037009B6C19 /* HomeView.swift */ = {isa = PBXFileReference; lastKnownFileType = sourcecode.swift; path = HomeView.swift; sourceTree = "<group>"; };
		16A9648A2CFA709B009B6C19 /* HomeViewModel.swift */ = {isa = PBXFileReference; lastKnownFileType = sourcecode.swift; path = HomeViewModel.swift; sourceTree = "<group>"; };
		16A9648C2CFA7644009B6C19 /* DBUser.swift */ = {isa = PBXFileReference; lastKnownFileType = sourcecode.swift; path = DBUser.swift; sourceTree = "<group>"; };
		16A9648E2CFA766C009B6C19 /* Prediction.swift */ = {isa = PBXFileReference; lastKnownFileType = sourcecode.swift; path = Prediction.swift; sourceTree = "<group>"; };
		16A964902CFA768F009B6C19 /* Appointment.swift */ = {isa = PBXFileReference; lastKnownFileType = sourcecode.swift; path = Appointment.swift; sourceTree = "<group>"; };
		16B8E7F32CD8FBAF00B72C4E /* ClinicSearchView.swift */ = {isa = PBXFileReference; lastKnownFileType = sourcecode.swift; path = ClinicSearchView.swift; sourceTree = "<group>"; };
		16B8E7F52CD92EBC00B72C4E /* TabbarView.swift */ = {isa = PBXFileReference; lastKnownFileType = sourcecode.swift; path = TabbarView.swift; sourceTree = "<group>"; };
		16B8E7F72CDA230100B72C4E /* ClinicView.swift */ = {isa = PBXFileReference; lastKnownFileType = sourcecode.swift; path = ClinicView.swift; sourceTree = "<group>"; };
		16B8E7F92CDA23CA00B72C4E /* ClinicViewModel.swift */ = {isa = PBXFileReference; lastKnownFileType = sourcecode.swift; path = ClinicViewModel.swift; sourceTree = "<group>"; };
		16B8E7FB2CDA24BE00B72C4E /* Clinic.swift */ = {isa = PBXFileReference; lastKnownFileType = sourcecode.swift; path = Clinic.swift; sourceTree = "<group>"; };
		16B8E7FD2CDA27A300B72C4E /* LocationManager.swift */ = {isa = PBXFileReference; lastKnownFileType = sourcecode.swift; path = LocationManager.swift; sourceTree = "<group>"; };
		16BEBC372C8A067900CB9170 /* AIDental.app */ = {isa = PBXFileReference; explicitFileType = wrapper.application; includeInIndex = 0; path = AIDental.app; sourceTree = BUILT_PRODUCTS_DIR; };
		16BEBC3A2C8A067900CB9170 /* AIDentalApp.swift */ = {isa = PBXFileReference; lastKnownFileType = sourcecode.swift; path = AIDentalApp.swift; sourceTree = "<group>"; };
		16BEBC3C2C8A067900CB9170 /* ContentView.swift */ = {isa = PBXFileReference; lastKnownFileType = sourcecode.swift; path = ContentView.swift; sourceTree = "<group>"; };
		16BEBC3E2C8A067C00CB9170 /* Assets.xcassets */ = {isa = PBXFileReference; lastKnownFileType = folder.assetcatalog; path = Assets.xcassets; sourceTree = "<group>"; };
		16BEBC412C8A067C00CB9170 /* Preview Assets.xcassets */ = {isa = PBXFileReference; lastKnownFileType = folder.assetcatalog; path = "Preview Assets.xcassets"; sourceTree = "<group>"; };
		16BEBC432C8A067C00CB9170 /* AIDental.entitlements */ = {isa = PBXFileReference; lastKnownFileType = text.plist.entitlements; path = AIDental.entitlements; sourceTree = "<group>"; };
		16C40E282CBE363000998195 /* ScannerView.swift */ = {isa = PBXFileReference; lastKnownFileType = sourcecode.swift; path = ScannerView.swift; sourceTree = "<group>"; };
		16C40E2A2CBE364E00998195 /* ScannerViewModel.swift */ = {isa = PBXFileReference; lastKnownFileType = sourcecode.swift; path = ScannerViewModel.swift; sourceTree = "<group>"; };
		16C40E2C2CBE367A00998195 /* VideoOutputDelegate.swift */ = {isa = PBXFileReference; lastKnownFileType = sourcecode.swift; path = VideoOutputDelegate.swift; sourceTree = "<group>"; };
		16C40E2E2CBE369800998195 /* ImagePicker.swift */ = {isa = PBXFileReference; lastKnownFileType = sourcecode.swift; path = ImagePicker.swift; sourceTree = "<group>"; };
		16C40E302CBE36EB00998195 /* CameraView.swift */ = {isa = PBXFileReference; lastKnownFileType = sourcecode.swift; path = CameraView.swift; sourceTree = "<group>"; };
		16C40E322CBE376600998195 /* ResultView.swift */ = {isa = PBXFileReference; lastKnownFileType = sourcecode.swift; path = ResultView.swift; sourceTree = "<group>"; };
		16CFCD882CFA5AD800AF778D /* OnBoardingView.swift */ = {isa = PBXFileReference; lastKnownFileType = sourcecode.swift; path = OnBoardingView.swift; sourceTree = "<group>"; };
		16CFCD8A2CFA5B0700AF778D /* OnBoardingPage.swift */ = {isa = PBXFileReference; lastKnownFileType = sourcecode.swift; path = OnBoardingPage.swift; sourceTree = "<group>"; };
		16F5AAF02CB7E37C00255DFC /* View+Extensions.swift */ = {isa = PBXFileReference; lastKnownFileType = sourcecode.swift; path = "View+Extensions.swift"; sourceTree = "<group>"; };
		16F5AAF22CB7E3B300255DFC /* AuthenticationViewModel.swift */ = {isa = PBXFileReference; lastKnownFileType = sourcecode.swift; path = AuthenticationViewModel.swift; sourceTree = "<group>"; };
		16F5AAF42CB7E3DA00255DFC /* CustomTF.swift */ = {isa = PBXFileReference; lastKnownFileType = sourcecode.swift; path = CustomTF.swift; sourceTree = "<group>"; };
		16F5AAF62CB7E3F200255DFC /* GradientButton.swift */ = {isa = PBXFileReference; lastKnownFileType = sourcecode.swift; path = GradientButton.swift; sourceTree = "<group>"; };
		16F5AAF82CB7E40F00255DFC /* SignUp.swift */ = {isa = PBXFileReference; lastKnownFileType = sourcecode.swift; path = SignUp.swift; sourceTree = "<group>"; };
		16F5AAFA2CB7E43100255DFC /* Login.swift */ = {isa = PBXFileReference; lastKnownFileType = sourcecode.swift; path = Login.swift; sourceTree = "<group>"; };
		16F5AAFC2CB7E44400255DFC /* SignInEmailViewModel.swift */ = {isa = PBXFileReference; lastKnownFileType = sourcecode.swift; path = SignInEmailViewModel.swift; sourceTree = "<group>"; };
		16F5AAFE2CB7E62900255DFC /* GoogleService-Info.plist */ = {isa = PBXFileReference; lastKnownFileType = text.plist.xml; path = "GoogleService-Info.plist"; sourceTree = "<group>"; };
		16F5AB002CB7E65000255DFC /* Info.plist */ = {isa = PBXFileReference; lastKnownFileType = text.plist; path = Info.plist; sourceTree = "<group>"; };
		16F5AB012CB7E6E500255DFC /* SignInGoogleHelper.swift */ = {isa = PBXFileReference; lastKnownFileType = sourcecode.swift; path = SignInGoogleHelper.swift; sourceTree = "<group>"; };
		16F5AB032CB7E6FB00255DFC /* SignInAppleHelper.swift */ = {isa = PBXFileReference; lastKnownFileType = sourcecode.swift; path = SignInAppleHelper.swift; sourceTree = "<group>"; };
		16F5AB052CB7E74500255DFC /* AuthenticationManager.swift */ = {isa = PBXFileReference; lastKnownFileType = sourcecode.swift; path = AuthenticationManager.swift; sourceTree = "<group>"; };
		16F5AB072CB7E76C00255DFC /* UserManager.swift */ = {isa = PBXFileReference; lastKnownFileType = sourcecode.swift; path = UserManager.swift; sourceTree = "<group>"; };
/* End PBXFileReference section */

/* Begin PBXFrameworksBuildPhase section */
		16BEBC342C8A067900CB9170 /* Frameworks */ = {
			isa = PBXFrameworksBuildPhase;
			buildActionMask = 2147483647;
			files = (
				16F5AAE72CB7E32400255DFC /* FirebasePerformance in Frameworks */,
				16F5AAC92CB7E32400255DFC /* FirebaseAppDistribution-Beta in Frameworks */,
				16F5AADD2CB7E32400255DFC /* FirebaseFunctionsCombine-Community in Frameworks */,
				16F5AACD2CB7E32400255DFC /* FirebaseAuthCombine-Community in Frameworks */,
				16F5AABD2CB7E2A500255DFC /* GoogleSignIn in Frameworks */,
				16F5AAEB2CB7E32400255DFC /* FirebaseStorage in Frameworks */,
				16A355EB2CB91E0A00E97AB5 /* FirebaseAppCheck in Frameworks */,
				16F5AAD92CB7E32400255DFC /* FirebaseFirestoreCombine-Community in Frameworks */,
				16F5AAC52CB7E32400255DFC /* FirebaseAnalyticsWithoutAdIdSupport in Frameworks */,
				16F5AABF2CB7E2A500255DFC /* GoogleSignInSwift in Frameworks */,
				16F5AAE32CB7E32400255DFC /* FirebaseMLModelDownloader in Frameworks */,
				16F5AAD12CB7E32400255DFC /* FirebaseCrashlytics in Frameworks */,
				16F5AAE52CB7E32400255DFC /* FirebaseMessaging in Frameworks */,
				16F5AAE12CB7E32400255DFC /* FirebaseInstallations in Frameworks */,
				16F5AB0C2CB7E7E000255DFC /* FirebaseFirestoreCombine-Community in Frameworks */,
				16F5AAD32CB7E32400255DFC /* FirebaseDatabase in Frameworks */,
				16F5AB0A2CB7E7E000255DFC /* FirebaseFirestore in Frameworks */,
				16F5AAC12CB7E32400255DFC /* FirebaseAnalytics in Frameworks */,
				16F5AACF2CB7E32400255DFC /* FirebaseCore in Frameworks */,
				16F5AADF2CB7E32400255DFC /* FirebaseInAppMessaging-Beta in Frameworks */,
				16F5AAC72CB7E32400255DFC /* FirebaseAppCheck in Frameworks */,
				16F5AADB2CB7E32400255DFC /* FirebaseFunctions in Frameworks */,
				16F5AAE92CB7E32400255DFC /* FirebaseRemoteConfig in Frameworks */,
				16F5AAC32CB7E32400255DFC /* FirebaseAnalyticsOnDeviceConversion in Frameworks */,
				16F5AACB2CB7E32400255DFC /* FirebaseAuth in Frameworks */,
				16F5AAED2CB7E32400255DFC /* FirebaseStorageCombine-Community in Frameworks */,
				16F5AAD52CB7E32400255DFC /* FirebaseDynamicLinks in Frameworks */,
				16F5AAEF2CB7E32400255DFC /* FirebaseVertexAI-Preview in Frameworks */,
				16F5AAD72CB7E32400255DFC /* FirebaseFirestore in Frameworks */,
			);
			runOnlyForDeploymentPostprocessing = 0;
		};
/* End PBXFrameworksBuildPhase section */

/* Begin PBXGroup section */
		16B8E8012CDA289E00B72C4E /* Core */ = {
			isa = PBXGroup;
			children = (
				16BEBC3C2C8A067900CB9170 /* ContentView.swift */,
				16CFCD862CFA592500AF778D /* Home */,
				16CFCD872CFA593A00AF778D /* OnBoarding */,
				16B8E80C2CDA2AF400B72C4E /* Result */,
				16B8E80B2CDA2AE100B72C4E /* Tabbar */,
				16B8E80A2CDA2AA600B72C4E /* Settings */,
				16B8E8092CDA2A7B00B72C4E /* Profile */,
				16B8E8082CDA2A5A00B72C4E /* Clinic */,
				16B8E8072CDA2A2C00B72C4E /* Scanner */,
				16B8E8022CDA28B000B72C4E /* Authentication */,
			);
			path = Core;
			sourceTree = "<group>";
		};
		16B8E8022CDA28B000B72C4E /* Authentication */ = {
			isa = PBXGroup;
			children = (
				16F5AAF22CB7E3B300255DFC /* AuthenticationViewModel.swift */,
				16F5AAFC2CB7E44400255DFC /* SignInEmailViewModel.swift */,
				16F5AB012CB7E6E500255DFC /* SignInGoogleHelper.swift */,
				16A355DD2CB7EAEB00E97AB5 /* PasswordResetView.swift */,
				16F5AAF82CB7E40F00255DFC /* SignUp.swift */,
				16F5AB032CB7E6FB00255DFC /* SignInAppleHelper.swift */,
				16F5AAFA2CB7E43100255DFC /* Login.swift */,
				16A355DB2CB7EAC600E97AB5 /* ForgotPassword.swift */,
			);
			path = Authentication;
			sourceTree = "<group>";
		};
		16B8E8032CDA291C00B72C4E /* Services */ = {
			isa = PBXGroup;
			children = (
				16F5AAF42CB7E3DA00255DFC /* CustomTF.swift */,
				16C40E302CBE36EB00998195 /* CameraView.swift */,
				16F5AAF62CB7E3F200255DFC /* GradientButton.swift */,
				16C40E2E2CBE369800998195 /* ImagePicker.swift */,
			);
			path = Services;
			sourceTree = "<group>";
		};
		16B8E8042CDA296000B72C4E /* Managers */ = {
			isa = PBXGroup;
			children = (
				16C40E2C2CBE367A00998195 /* VideoOutputDelegate.swift */,
				16B8E7FD2CDA27A300B72C4E /* LocationManager.swift */,
				16A355E82CB916AB00E97AB5 /* StorageManager.swift */,
				16F5AB072CB7E76C00255DFC /* UserManager.swift */,
				16F5AB052CB7E74500255DFC /* AuthenticationManager.swift */,
			);
			path = Managers;
			sourceTree = "<group>";
		};
		16B8E8052CDA29AA00B72C4E /* Util */ = {
			isa = PBXGroup;
			children = (
				16F5AAF02CB7E37C00255DFC /* View+Extensions.swift */,
				16A355D92CB7EA3F00E97AB5 /* Utilities.swift */,
			);
			path = Util;
			sourceTree = "<group>";
		};
		16B8E8062CDA29FA00B72C4E /* Models */ = {
			isa = PBXGroup;
			children = (
				16B8E7FB2CDA24BE00B72C4E /* Clinic.swift */,
				16A9648C2CFA7644009B6C19 /* DBUser.swift */,
				16A9648E2CFA766C009B6C19 /* Prediction.swift */,
				16A964902CFA768F009B6C19 /* Appointment.swift */,
			);
			path = Models;
			sourceTree = "<group>";
		};
		16B8E8072CDA2A2C00B72C4E /* Scanner */ = {
			isa = PBXGroup;
			children = (
				16C40E2A2CBE364E00998195 /* ScannerViewModel.swift */,
				16C40E282CBE363000998195 /* ScannerView.swift */,
			);
			path = Scanner;
			sourceTree = "<group>";
		};
		16B8E8082CDA2A5A00B72C4E /* Clinic */ = {
			isa = PBXGroup;
			children = (
				16B8E7F72CDA230100B72C4E /* ClinicView.swift */,
				16B8E7F92CDA23CA00B72C4E /* ClinicViewModel.swift */,
				16B8E7F32CD8FBAF00B72C4E /* ClinicSearchView.swift */,
			);
			path = Clinic;
			sourceTree = "<group>";
		};
		16B8E8092CDA2A7B00B72C4E /* Profile */ = {
			isa = PBXGroup;
			children = (
				16A355E22CB9157F00E97AB5 /* ProfileViewModel.swift */,
				16A355E02CB9156000E97AB5 /* ProfileView.swift */,
			);
			path = Profile;
			sourceTree = "<group>";
		};
		16B8E80A2CDA2AA600B72C4E /* Settings */ = {
			isa = PBXGroup;
			children = (
				16A355E62CB915AE00E97AB5 /* SettingsViewModel.swift */,
				16A355E42CB9159500E97AB5 /* SettingsView.swift */,
			);
			path = Settings;
			sourceTree = "<group>";
		};
		16B8E80B2CDA2AE100B72C4E /* Tabbar */ = {
			isa = PBXGroup;
			children = (
				16B8E7F52CD92EBC00B72C4E /* TabbarView.swift */,
			);
			path = Tabbar;
			sourceTree = "<group>";
		};
		16B8E80C2CDA2AF400B72C4E /* Result */ = {
			isa = PBXGroup;
			children = (
				16C40E322CBE376600998195 /* ResultView.swift */,
			);
			path = Result;
			sourceTree = "<group>";
		};
		16BEBC2E2C8A067900CB9170 = {
			isa = PBXGroup;
			children = (
				16BEBC392C8A067900CB9170 /* AIDental */,
				16BEBC382C8A067900CB9170 /* Products */,
			);
			sourceTree = "<group>";
		};
		16BEBC382C8A067900CB9170 /* Products */ = {
			isa = PBXGroup;
			children = (
				16BEBC372C8A067900CB9170 /* AIDental.app */,
			);
			name = Products;
			sourceTree = "<group>";
		};
		16BEBC392C8A067900CB9170 /* AIDental */ = {
			isa = PBXGroup;
			children = (
				16F5AB002CB7E65000255DFC /* Info.plist */,
				16F5AAFE2CB7E62900255DFC /* GoogleService-Info.plist */,
				16BEBC3A2C8A067900CB9170 /* AIDentalApp.swift */,
				16B8E8062CDA29FA00B72C4E /* Models */,
				16B8E8052CDA29AA00B72C4E /* Util */,
				16B8E8042CDA296000B72C4E /* Managers */,
				16B8E8032CDA291C00B72C4E /* Services */,
				16B8E8012CDA289E00B72C4E /* Core */,
				16BEBC3E2C8A067C00CB9170 /* Assets.xcassets */,
				16BEBC432C8A067C00CB9170 /* AIDental.entitlements */,
				16BEBC402C8A067C00CB9170 /* Preview Content */,
			);
			path = AIDental;
			sourceTree = "<group>";
		};
		16BEBC402C8A067C00CB9170 /* Preview Content */ = {
			isa = PBXGroup;
			children = (
				16BEBC412C8A067C00CB9170 /* Preview Assets.xcassets */,
			);
			path = "Preview Content";
			sourceTree = "<group>";
		};
		16CFCD862CFA592500AF778D /* Home */ = {
			isa = PBXGroup;
			children = (
				16A964882CFA7037009B6C19 /* HomeView.swift */,
				16A9648A2CFA709B009B6C19 /* HomeViewModel.swift */,
			);
			path = Home;
			sourceTree = "<group>";
		};
		16CFCD872CFA593A00AF778D /* OnBoarding */ = {
			isa = PBXGroup;
			children = (
				16CFCD882CFA5AD800AF778D /* OnBoardingView.swift */,
				16CFCD8A2CFA5B0700AF778D /* OnBoardingPage.swift */,
			);
			path = OnBoarding;
			sourceTree = "<group>";
		};
/* End PBXGroup section */

/* Begin PBXNativeTarget section */
		16BEBC362C8A067900CB9170 /* AIDental */ = {
			isa = PBXNativeTarget;
			buildConfigurationList = 16BEBC462C8A067C00CB9170 /* Build configuration list for PBXNativeTarget "AIDental" */;
			buildPhases = (
				16BEBC332C8A067900CB9170 /* Sources */,
				16BEBC342C8A067900CB9170 /* Frameworks */,
				16BEBC352C8A067900CB9170 /* Resources */,
				16A355DF2CB7F1D700E97AB5 /* ShellScript */,
			);
			buildRules = (
			);
			dependencies = (
			);
			name = AIDental;
			productName = AIDental;
			productReference = 16BEBC372C8A067900CB9170 /* AIDental.app */;
			productType = "com.apple.product-type.application";
		};
/* End PBXNativeTarget section */

/* Begin PBXProject section */
		16BEBC2F2C8A067900CB9170 /* Project object */ = {
			isa = PBXProject;
			attributes = {
				BuildIndependentTargetsInParallel = 1;
				LastSwiftUpdateCheck = 1540;
				LastUpgradeCheck = 1540;
				TargetAttributes = {
					16BEBC362C8A067900CB9170 = {
						CreatedOnToolsVersion = 15.4;
					};
				};
			};
			buildConfigurationList = 16BEBC322C8A067900CB9170 /* Build configuration list for PBXProject "AIDental" */;
			compatibilityVersion = "Xcode 14.0";
			developmentRegion = en;
			hasScannedForEncodings = 0;
			knownRegions = (
				en,
				Base,
			);
			mainGroup = 16BEBC2E2C8A067900CB9170;
			packageReferences = (
				16F5AABA2CB4EE5900255DFC /* XCRemoteSwiftPackageReference "firebase-ios-sdk" */,
				16F5AABB2CB7E2A500255DFC /* XCRemoteSwiftPackageReference "GoogleSignIn-iOS" */,
			);
			productRefGroup = 16BEBC382C8A067900CB9170 /* Products */;
			projectDirPath = "";
			projectRoot = "";
			targets = (
				16BEBC362C8A067900CB9170 /* AIDental */,
			);
		};
/* End PBXProject section */

/* Begin PBXResourcesBuildPhase section */
		16BEBC352C8A067900CB9170 /* Resources */ = {
			isa = PBXResourcesBuildPhase;
			buildActionMask = 2147483647;
			files = (
				16BEBC422C8A067C00CB9170 /* Preview Assets.xcassets in Resources */,
				16BEBC3F2C8A067C00CB9170 /* Assets.xcassets in Resources */,
				16F5AAFF2CB7E62900255DFC /* GoogleService-Info.plist in Resources */,
			);
			runOnlyForDeploymentPostprocessing = 0;
		};
/* End PBXResourcesBuildPhase section */

/* Begin PBXShellScriptBuildPhase section */
		16A355DF2CB7F1D700E97AB5 /* ShellScript */ = {
			isa = PBXShellScriptBuildPhase;
			buildActionMask = 2147483647;
			files = (
			);
			inputFileListPaths = (
			);
			inputPaths = (
			);
			outputFileListPaths = (
			);
			outputPaths = (
			);
			runOnlyForDeploymentPostprocessing = 0;
			shellPath = /bin/sh;
			shellScript = "

";
		};
/* End PBXShellScriptBuildPhase section */

/* Begin PBXSourcesBuildPhase section */
		16BEBC332C8A067900CB9170 /* Sources */ = {
			isa = PBXSourcesBuildPhase;
			buildActionMask = 2147483647;
			files = (
				16F5AB022CB7E6E500255DFC /* SignInGoogleHelper.swift in Sources */,
				16F5AAF92CB7E40F00255DFC /* SignUp.swift in Sources */,
				16C40E332CBE376600998195 /* ResultView.swift in Sources */,
				16C40E2F2CBE369800998195 /* ImagePicker.swift in Sources */,
				16B8E7F82CDA230100B72C4E /* ClinicView.swift in Sources */,
				16B8E7F42CD8FBAF00B72C4E /* ClinicSearchView.swift in Sources */,
				16A355DA2CB7EA3F00E97AB5 /* Utilities.swift in Sources */,
				16A355DE2CB7EAEB00E97AB5 /* PasswordResetView.swift in Sources */,
				16F5AAF32CB7E3B300255DFC /* AuthenticationViewModel.swift in Sources */,
				16A964892CFA7037009B6C19 /* HomeView.swift in Sources */,
				16A9648B2CFA709B009B6C19 /* HomeViewModel.swift in Sources */,
				16A9648F2CFA766C009B6C19 /* Prediction.swift in Sources */,
				16CFCD892CFA5AD800AF778D /* OnBoardingView.swift in Sources */,
				16F5AB082CB7E76C00255DFC /* UserManager.swift in Sources */,
				16F5AAF72CB7E3F200255DFC /* GradientButton.swift in Sources */,
				16BEBC3D2C8A067900CB9170 /* ContentView.swift in Sources */,
				16CFCD8B2CFA5B0700AF778D /* OnBoardingPage.swift in Sources */,
				16A355E92CB916AB00E97AB5 /* StorageManager.swift in Sources */,
				16C40E292CBE363000998195 /* ScannerView.swift in Sources */,
				16A964912CFA768F009B6C19 /* Appointment.swift in Sources */,
				16B8E7FE2CDA27A300B72C4E /* LocationManager.swift in Sources */,
				16F5AAF12CB7E37C00255DFC /* View+Extensions.swift in Sources */,
				16B8E7FC2CDA24BE00B72C4E /* Clinic.swift in Sources */,
				16B8E7FA2CDA23CA00B72C4E /* ClinicViewModel.swift in Sources */,
				16C40E2B2CBE364E00998195 /* ScannerViewModel.swift in Sources */,
				16F5AAFD2CB7E44400255DFC /* SignInEmailViewModel.swift in Sources */,
				16A9648D2CFA7644009B6C19 /* DBUser.swift in Sources */,
				16F5AAF52CB7E3DA00255DFC /* CustomTF.swift in Sources */,
				16B8E7F62CD92EBC00B72C4E /* TabbarView.swift in Sources */,
				16C40E312CBE36EB00998195 /* CameraView.swift in Sources */,
				16BEBC3B2C8A067900CB9170 /* AIDentalApp.swift in Sources */,
				16C40E2D2CBE367A00998195 /* VideoOutputDelegate.swift in Sources */,
				16A355E32CB9157F00E97AB5 /* ProfileViewModel.swift in Sources */,
				16A355E12CB9156000E97AB5 /* ProfileView.swift in Sources */,
				16F5AB062CB7E74500255DFC /* AuthenticationManager.swift in Sources */,
				16A355E72CB915AE00E97AB5 /* SettingsViewModel.swift in Sources */,
				16F5AB042CB7E6FB00255DFC /* SignInAppleHelper.swift in Sources */,
				16F5AAFB2CB7E43100255DFC /* Login.swift in Sources */,
				16A355DC2CB7EAC600E97AB5 /* ForgotPassword.swift in Sources */,
				16A355E52CB9159500E97AB5 /* SettingsView.swift in Sources */,
			);
			runOnlyForDeploymentPostprocessing = 0;
		};
/* End PBXSourcesBuildPhase section */

/* Begin XCBuildConfiguration section */
		16BEBC442C8A067C00CB9170 /* Debug */ = {
			isa = XCBuildConfiguration;
			buildSettings = {
				ALWAYS_SEARCH_USER_PATHS = NO;
				ASSETCATALOG_COMPILER_GENERATE_SWIFT_ASSET_SYMBOL_EXTENSIONS = YES;
				CLANG_ANALYZER_NONNULL = YES;
				CLANG_ANALYZER_NUMBER_OBJECT_CONVERSION = YES_AGGRESSIVE;
				CLANG_CXX_LANGUAGE_STANDARD = "gnu++20";
				CLANG_ENABLE_MODULES = YES;
				CLANG_ENABLE_OBJC_ARC = YES;
				CLANG_ENABLE_OBJC_WEAK = YES;
				CLANG_WARN_BLOCK_CAPTURE_AUTORELEASING = YES;
				CLANG_WARN_BOOL_CONVERSION = YES;
				CLANG_WARN_COMMA = YES;
				CLANG_WARN_CONSTANT_CONVERSION = YES;
				CLANG_WARN_DEPRECATED_OBJC_IMPLEMENTATIONS = YES;
				CLANG_WARN_DIRECT_OBJC_ISA_USAGE = YES_ERROR;
				CLANG_WARN_DOCUMENTATION_COMMENTS = YES;
				CLANG_WARN_EMPTY_BODY = YES;
				CLANG_WARN_ENUM_CONVERSION = YES;
				CLANG_WARN_INFINITE_RECURSION = YES;
				CLANG_WARN_INT_CONVERSION = YES;
				CLANG_WARN_NON_LITERAL_NULL_CONVERSION = YES;
				CLANG_WARN_OBJC_IMPLICIT_RETAIN_SELF = YES;
				CLANG_WARN_OBJC_LITERAL_CONVERSION = YES;
				CLANG_WARN_OBJC_ROOT_CLASS = YES_ERROR;
				CLANG_WARN_QUOTED_INCLUDE_IN_FRAMEWORK_HEADER = YES;
				CLANG_WARN_RANGE_LOOP_ANALYSIS = YES;
				CLANG_WARN_STRICT_PROTOTYPES = YES;
				CLANG_WARN_SUSPICIOUS_MOVE = YES;
				CLANG_WARN_UNGUARDED_AVAILABILITY = YES_AGGRESSIVE;
				CLANG_WARN_UNREACHABLE_CODE = YES;
				CLANG_WARN__DUPLICATE_METHOD_MATCH = YES;
				COPY_PHASE_STRIP = NO;
				DEBUG_INFORMATION_FORMAT = dwarf;
				ENABLE_STRICT_OBJC_MSGSEND = YES;
				ENABLE_TESTABILITY = YES;
				ENABLE_USER_SCRIPT_SANDBOXING = YES;
				GCC_C_LANGUAGE_STANDARD = gnu17;
				GCC_DYNAMIC_NO_PIC = NO;
				GCC_NO_COMMON_BLOCKS = YES;
				GCC_OPTIMIZATION_LEVEL = 0;
				GCC_PREPROCESSOR_DEFINITIONS = (
					"DEBUG=1",
					"$(inherited)",
				);
				GCC_WARN_64_TO_32_BIT_CONVERSION = YES;
				GCC_WARN_ABOUT_RETURN_TYPE = YES_ERROR;
				GCC_WARN_UNDECLARED_SELECTOR = YES;
				GCC_WARN_UNINITIALIZED_AUTOS = YES_AGGRESSIVE;
				GCC_WARN_UNUSED_FUNCTION = YES;
				GCC_WARN_UNUSED_VARIABLE = YES;
				LOCALIZATION_PREFERS_STRING_CATALOGS = YES;
				MACOSX_DEPLOYMENT_TARGET = 14.5;
				MTL_ENABLE_DEBUG_INFO = INCLUDE_SOURCE;
				MTL_FAST_MATH = YES;
				ONLY_ACTIVE_ARCH = YES;
				SDKROOT = macosx;
				SWIFT_ACTIVE_COMPILATION_CONDITIONS = "DEBUG $(inherited)";
				SWIFT_OPTIMIZATION_LEVEL = "-Onone";
			};
			name = Debug;
		};
		16BEBC452C8A067C00CB9170 /* Release */ = {
			isa = XCBuildConfiguration;
			buildSettings = {
				ALWAYS_SEARCH_USER_PATHS = NO;
				ASSETCATALOG_COMPILER_GENERATE_SWIFT_ASSET_SYMBOL_EXTENSIONS = YES;
				CLANG_ANALYZER_NONNULL = YES;
				CLANG_ANALYZER_NUMBER_OBJECT_CONVERSION = YES_AGGRESSIVE;
				CLANG_CXX_LANGUAGE_STANDARD = "gnu++20";
				CLANG_ENABLE_MODULES = YES;
				CLANG_ENABLE_OBJC_ARC = YES;
				CLANG_ENABLE_OBJC_WEAK = YES;
				CLANG_WARN_BLOCK_CAPTURE_AUTORELEASING = YES;
				CLANG_WARN_BOOL_CONVERSION = YES;
				CLANG_WARN_COMMA = YES;
				CLANG_WARN_CONSTANT_CONVERSION = YES;
				CLANG_WARN_DEPRECATED_OBJC_IMPLEMENTATIONS = YES;
				CLANG_WARN_DIRECT_OBJC_ISA_USAGE = YES_ERROR;
				CLANG_WARN_DOCUMENTATION_COMMENTS = YES;
				CLANG_WARN_EMPTY_BODY = YES;
				CLANG_WARN_ENUM_CONVERSION = YES;
				CLANG_WARN_INFINITE_RECURSION = YES;
				CLANG_WARN_INT_CONVERSION = YES;
				CLANG_WARN_NON_LITERAL_NULL_CONVERSION = YES;
				CLANG_WARN_OBJC_IMPLICIT_RETAIN_SELF = YES;
				CLANG_WARN_OBJC_LITERAL_CONVERSION = YES;
				CLANG_WARN_OBJC_ROOT_CLASS = YES_ERROR;
				CLANG_WARN_QUOTED_INCLUDE_IN_FRAMEWORK_HEADER = YES;
				CLANG_WARN_RANGE_LOOP_ANALYSIS = YES;
				CLANG_WARN_STRICT_PROTOTYPES = YES;
				CLANG_WARN_SUSPICIOUS_MOVE = YES;
				CLANG_WARN_UNGUARDED_AVAILABILITY = YES_AGGRESSIVE;
				CLANG_WARN_UNREACHABLE_CODE = YES;
				CLANG_WARN__DUPLICATE_METHOD_MATCH = YES;
				COPY_PHASE_STRIP = NO;
				DEBUG_INFORMATION_FORMAT = "dwarf-with-dsym";
				ENABLE_NS_ASSERTIONS = NO;
				ENABLE_STRICT_OBJC_MSGSEND = YES;
				ENABLE_USER_SCRIPT_SANDBOXING = YES;
				GCC_C_LANGUAGE_STANDARD = gnu17;
				GCC_NO_COMMON_BLOCKS = YES;
				GCC_WARN_64_TO_32_BIT_CONVERSION = YES;
				GCC_WARN_ABOUT_RETURN_TYPE = YES_ERROR;
				GCC_WARN_UNDECLARED_SELECTOR = YES;
				GCC_WARN_UNINITIALIZED_AUTOS = YES_AGGRESSIVE;
				GCC_WARN_UNUSED_FUNCTION = YES;
				GCC_WARN_UNUSED_VARIABLE = YES;
				LOCALIZATION_PREFERS_STRING_CATALOGS = YES;
				MACOSX_DEPLOYMENT_TARGET = 14.5;
				MTL_ENABLE_DEBUG_INFO = NO;
				MTL_FAST_MATH = YES;
				SDKROOT = macosx;
				SWIFT_COMPILATION_MODE = wholemodule;
			};
			name = Release;
		};
		16BEBC472C8A067C00CB9170 /* Debug */ = {
			isa = XCBuildConfiguration;
			buildSettings = {
				ASSETCATALOG_COMPILER_APPICON_NAME = AppIcon;
				ASSETCATALOG_COMPILER_GLOBAL_ACCENT_COLOR_NAME = AccentColor;
				CODE_SIGN_ENTITLEMENTS = AIDental/AIDental.entitlements;
				CODE_SIGN_STYLE = Automatic;
				COMBINE_HIDPI_IMAGES = YES;
				CURRENT_PROJECT_VERSION = 1;
				DEBUG_INFORMATION_FORMAT = "dwarf-with-dsym";
				DEVELOPMENT_ASSET_PATHS = "\"AIDental/Preview Content\"";
				DEVELOPMENT_TEAM = D3QXBB2YQQ;
				ENABLE_HARDENED_RUNTIME = YES;
				ENABLE_PREVIEWS = YES;
				ENABLE_USER_SCRIPT_SANDBOXING = NO;
				GENERATE_INFOPLIST_FILE = YES;
				INFOPLIST_FILE = AIDental/Info.plist;
				INFOPLIST_KEY_NSCameraUsageDescription = "We need accsess to your Camera to continue";
				INFOPLIST_KEY_NSHumanReadableCopyright = "";
				INFOPLIST_KEY_NSLocationWhenInUseUsageDescription = "\"We need access to your location to continue\"";
				INFOPLIST_KEY_UILaunchStoryboardName = SignIn;
				LD_RUNPATH_SEARCH_PATHS = (
					"$(inherited)",
					"@executable_path/../Frameworks",
				);
				MARKETING_VERSION = 1.0;
				PRODUCT_BUNDLE_IDENTIFIER = com.ahmedsharabi.AIDental;
				PRODUCT_NAME = "$(TARGET_NAME)";
				SUPPORTED_PLATFORMS = "iphoneos iphonesimulator";
				SUPPORTS_MACCATALYST = NO;
				SWIFT_EMIT_LOC_STRINGS = YES;
				SWIFT_VERSION = 5.0;
				TARGETED_DEVICE_FAMILY = 1;
			};
			name = Debug;
		};
		16BEBC482C8A067C00CB9170 /* Release */ = {
			isa = XCBuildConfiguration;
			buildSettings = {
				ASSETCATALOG_COMPILER_APPICON_NAME = AppIcon;
				ASSETCATALOG_COMPILER_GLOBAL_ACCENT_COLOR_NAME = AccentColor;
				CODE_SIGN_ENTITLEMENTS = AIDental/AIDental.entitlements;
				CODE_SIGN_STYLE = Automatic;
				COMBINE_HIDPI_IMAGES = YES;
				CURRENT_PROJECT_VERSION = 1;
				DEBUG_INFORMATION_FORMAT = "dwarf-with-dsym";
				DEVELOPMENT_ASSET_PATHS = "\"AIDental/Preview Content\"";
				DEVELOPMENT_TEAM = D3QXBB2YQQ;
				ENABLE_HARDENED_RUNTIME = YES;
				ENABLE_PREVIEWS = YES;
				ENABLE_USER_SCRIPT_SANDBOXING = NO;
				GENERATE_INFOPLIST_FILE = YES;
				INFOPLIST_FILE = AIDental/Info.plist;
				INFOPLIST_KEY_NSCameraUsageDescription = "We need accsess to your Camera to continue";
				INFOPLIST_KEY_NSHumanReadableCopyright = "";
				INFOPLIST_KEY_NSLocationWhenInUseUsageDescription = "\"We need access to your location to continue\"";
				INFOPLIST_KEY_UILaunchStoryboardName = SignIn;
				LD_RUNPATH_SEARCH_PATHS = (
					"$(inherited)",
					"@executable_path/../Frameworks",
				);
				MARKETING_VERSION = 1.0;
				PRODUCT_BUNDLE_IDENTIFIER = com.ahmedsharabi.AIDental;
				PRODUCT_NAME = "$(TARGET_NAME)";
				SUPPORTED_PLATFORMS = "iphoneos iphonesimulator";
				SUPPORTS_MACCATALYST = NO;
				SWIFT_EMIT_LOC_STRINGS = YES;
				SWIFT_VERSION = 5.0;
				TARGETED_DEVICE_FAMILY = 1;
			};
			name = Release;
		};
/* End XCBuildConfiguration section */

/* Begin XCConfigurationList section */
		16BEBC322C8A067900CB9170 /* Build configuration list for PBXProject "AIDental" */ = {
			isa = XCConfigurationList;
			buildConfigurations = (
				16BEBC442C8A067C00CB9170 /* Debug */,
				16BEBC452C8A067C00CB9170 /* Release */,
			);
			defaultConfigurationIsVisible = 0;
			defaultConfigurationName = Release;
		};
		16BEBC462C8A067C00CB9170 /* Build configuration list for PBXNativeTarget "AIDental" */ = {
			isa = XCConfigurationList;
			buildConfigurations = (
				16BEBC472C8A067C00CB9170 /* Debug */,
				16BEBC482C8A067C00CB9170 /* Release */,
			);
			defaultConfigurationIsVisible = 0;
			defaultConfigurationName = Release;
		};
/* End XCConfigurationList section */

/* Begin XCRemoteSwiftPackageReference section */
		16F5AABA2CB4EE5900255DFC /* XCRemoteSwiftPackageReference "firebase-ios-sdk" */ = {
			isa = XCRemoteSwiftPackageReference;
			repositoryURL = "https://github.com/firebase/firebase-ios-sdk";
			requirement = {
				kind = upToNextMajorVersion;
				minimumVersion = 11.3.0;
			};
		};
		16F5AABB2CB7E2A500255DFC /* XCRemoteSwiftPackageReference "GoogleSignIn-iOS" */ = {
			isa = XCRemoteSwiftPackageReference;
			repositoryURL = "https://github.com/google/GoogleSignIn-iOS.git";
			requirement = {
				kind = upToNextMajorVersion;
				minimumVersion = 8.0.0;
			};
		};
/* End XCRemoteSwiftPackageReference section */

/* Begin XCSwiftPackageProductDependency section */
		16A355EA2CB91E0A00E97AB5 /* FirebaseAppCheck */ = {
			isa = XCSwiftPackageProductDependency;
			package = 16F5AABA2CB4EE5900255DFC /* XCRemoteSwiftPackageReference "firebase-ios-sdk" */;
			productName = FirebaseAppCheck;
		};
		16F5AABC2CB7E2A500255DFC /* GoogleSignIn */ = {
			isa = XCSwiftPackageProductDependency;
			package = 16F5AABB2CB7E2A500255DFC /* XCRemoteSwiftPackageReference "GoogleSignIn-iOS" */;
			productName = GoogleSignIn;
		};
		16F5AABE2CB7E2A500255DFC /* GoogleSignInSwift */ = {
			isa = XCSwiftPackageProductDependency;
			package = 16F5AABB2CB7E2A500255DFC /* XCRemoteSwiftPackageReference "GoogleSignIn-iOS" */;
			productName = GoogleSignInSwift;
		};
		16F5AAC02CB7E32400255DFC /* FirebaseAnalytics */ = {
			isa = XCSwiftPackageProductDependency;
			package = 16F5AABA2CB4EE5900255DFC /* XCRemoteSwiftPackageReference "firebase-ios-sdk" */;
			productName = FirebaseAnalytics;
		};
		16F5AAC22CB7E32400255DFC /* FirebaseAnalyticsOnDeviceConversion */ = {
			isa = XCSwiftPackageProductDependency;
			package = 16F5AABA2CB4EE5900255DFC /* XCRemoteSwiftPackageReference "firebase-ios-sdk" */;
			productName = FirebaseAnalyticsOnDeviceConversion;
		};
		16F5AAC42CB7E32400255DFC /* FirebaseAnalyticsWithoutAdIdSupport */ = {
			isa = XCSwiftPackageProductDependency;
			package = 16F5AABA2CB4EE5900255DFC /* XCRemoteSwiftPackageReference "firebase-ios-sdk" */;
			productName = FirebaseAnalyticsWithoutAdIdSupport;
		};
		16F5AAC62CB7E32400255DFC /* FirebaseAppCheck */ = {
			isa = XCSwiftPackageProductDependency;
			package = 16F5AABA2CB4EE5900255DFC /* XCRemoteSwiftPackageReference "firebase-ios-sdk" */;
			productName = FirebaseAppCheck;
		};
		16F5AAC82CB7E32400255DFC /* FirebaseAppDistribution-Beta */ = {
			isa = XCSwiftPackageProductDependency;
			package = 16F5AABA2CB4EE5900255DFC /* XCRemoteSwiftPackageReference "firebase-ios-sdk" */;
			productName = "FirebaseAppDistribution-Beta";
		};
		16F5AACA2CB7E32400255DFC /* FirebaseAuth */ = {
			isa = XCSwiftPackageProductDependency;
			package = 16F5AABA2CB4EE5900255DFC /* XCRemoteSwiftPackageReference "firebase-ios-sdk" */;
			productName = FirebaseAuth;
		};
		16F5AACC2CB7E32400255DFC /* FirebaseAuthCombine-Community */ = {
			isa = XCSwiftPackageProductDependency;
			package = 16F5AABA2CB4EE5900255DFC /* XCRemoteSwiftPackageReference "firebase-ios-sdk" */;
			productName = "FirebaseAuthCombine-Community";
		};
		16F5AACE2CB7E32400255DFC /* FirebaseCore */ = {
			isa = XCSwiftPackageProductDependency;
			package = 16F5AABA2CB4EE5900255DFC /* XCRemoteSwiftPackageReference "firebase-ios-sdk" */;
			productName = FirebaseCore;
		};
		16F5AAD02CB7E32400255DFC /* FirebaseCrashlytics */ = {
			isa = XCSwiftPackageProductDependency;
			package = 16F5AABA2CB4EE5900255DFC /* XCRemoteSwiftPackageReference "firebase-ios-sdk" */;
			productName = FirebaseCrashlytics;
		};
		16F5AAD22CB7E32400255DFC /* FirebaseDatabase */ = {
			isa = XCSwiftPackageProductDependency;
			package = 16F5AABA2CB4EE5900255DFC /* XCRemoteSwiftPackageReference "firebase-ios-sdk" */;
			productName = FirebaseDatabase;
		};
		16F5AAD42CB7E32400255DFC /* FirebaseDynamicLinks */ = {
			isa = XCSwiftPackageProductDependency;
			package = 16F5AABA2CB4EE5900255DFC /* XCRemoteSwiftPackageReference "firebase-ios-sdk" */;
			productName = FirebaseDynamicLinks;
		};
		16F5AAD62CB7E32400255DFC /* FirebaseFirestore */ = {
			isa = XCSwiftPackageProductDependency;
			package = 16F5AABA2CB4EE5900255DFC /* XCRemoteSwiftPackageReference "firebase-ios-sdk" */;
			productName = FirebaseFirestore;
		};
		16F5AAD82CB7E32400255DFC /* FirebaseFirestoreCombine-Community */ = {
			isa = XCSwiftPackageProductDependency;
			package = 16F5AABA2CB4EE5900255DFC /* XCRemoteSwiftPackageReference "firebase-ios-sdk" */;
			productName = "FirebaseFirestoreCombine-Community";
		};
		16F5AADA2CB7E32400255DFC /* FirebaseFunctions */ = {
			isa = XCSwiftPackageProductDependency;
			package = 16F5AABA2CB4EE5900255DFC /* XCRemoteSwiftPackageReference "firebase-ios-sdk" */;
			productName = FirebaseFunctions;
		};
		16F5AADC2CB7E32400255DFC /* FirebaseFunctionsCombine-Community */ = {
			isa = XCSwiftPackageProductDependency;
			package = 16F5AABA2CB4EE5900255DFC /* XCRemoteSwiftPackageReference "firebase-ios-sdk" */;
			productName = "FirebaseFunctionsCombine-Community";
		};
		16F5AADE2CB7E32400255DFC /* FirebaseInAppMessaging-Beta */ = {
			isa = XCSwiftPackageProductDependency;
			package = 16F5AABA2CB4EE5900255DFC /* XCRemoteSwiftPackageReference "firebase-ios-sdk" */;
			productName = "FirebaseInAppMessaging-Beta";
		};
		16F5AAE02CB7E32400255DFC /* FirebaseInstallations */ = {
			isa = XCSwiftPackageProductDependency;
			package = 16F5AABA2CB4EE5900255DFC /* XCRemoteSwiftPackageReference "firebase-ios-sdk" */;
			productName = FirebaseInstallations;
		};
		16F5AAE22CB7E32400255DFC /* FirebaseMLModelDownloader */ = {
			isa = XCSwiftPackageProductDependency;
			package = 16F5AABA2CB4EE5900255DFC /* XCRemoteSwiftPackageReference "firebase-ios-sdk" */;
			productName = FirebaseMLModelDownloader;
		};
		16F5AAE42CB7E32400255DFC /* FirebaseMessaging */ = {
			isa = XCSwiftPackageProductDependency;
			package = 16F5AABA2CB4EE5900255DFC /* XCRemoteSwiftPackageReference "firebase-ios-sdk" */;
			productName = FirebaseMessaging;
		};
		16F5AAE62CB7E32400255DFC /* FirebasePerformance */ = {
			isa = XCSwiftPackageProductDependency;
			package = 16F5AABA2CB4EE5900255DFC /* XCRemoteSwiftPackageReference "firebase-ios-sdk" */;
			productName = FirebasePerformance;
		};
		16F5AAE82CB7E32400255DFC /* FirebaseRemoteConfig */ = {
			isa = XCSwiftPackageProductDependency;
			package = 16F5AABA2CB4EE5900255DFC /* XCRemoteSwiftPackageReference "firebase-ios-sdk" */;
			productName = FirebaseRemoteConfig;
		};
		16F5AAEA2CB7E32400255DFC /* FirebaseStorage */ = {
			isa = XCSwiftPackageProductDependency;
			package = 16F5AABA2CB4EE5900255DFC /* XCRemoteSwiftPackageReference "firebase-ios-sdk" */;
			productName = FirebaseStorage;
		};
		16F5AAEC2CB7E32400255DFC /* FirebaseStorageCombine-Community */ = {
			isa = XCSwiftPackageProductDependency;
			package = 16F5AABA2CB4EE5900255DFC /* XCRemoteSwiftPackageReference "firebase-ios-sdk" */;
			productName = "FirebaseStorageCombine-Community";
		};
		16F5AAEE2CB7E32400255DFC /* FirebaseVertexAI-Preview */ = {
			isa = XCSwiftPackageProductDependency;
			package = 16F5AABA2CB4EE5900255DFC /* XCRemoteSwiftPackageReference "firebase-ios-sdk" */;
			productName = "FirebaseVertexAI-Preview";
		};
		16F5AB092CB7E7E000255DFC /* FirebaseFirestore */ = {
			isa = XCSwiftPackageProductDependency;
			package = 16F5AABA2CB4EE5900255DFC /* XCRemoteSwiftPackageReference "firebase-ios-sdk" */;
			productName = FirebaseFirestore;
		};
		16F5AB0B2CB7E7E000255DFC /* FirebaseFirestoreCombine-Community */ = {
			isa = XCSwiftPackageProductDependency;
			package = 16F5AABA2CB4EE5900255DFC /* XCRemoteSwiftPackageReference "firebase-ios-sdk" */;
			productName = "FirebaseFirestoreCombine-Community";
		};
/* End XCSwiftPackageProductDependency section */
	};
	rootObject = 16BEBC2F2C8A067900CB9170 /* Project object */;
}
